github.com/max-neverov/demos/incompatible-feature v0.0.1 h1:znE8eqzi0k5TJt7hcuuH28qdxDO9VtSVvsbA990xiJM=
github.com/max-neverov/demos/incompatible-feature v0.0.1/go.mod h1:9NEbZESA83N2QoVL1lQ9T2cctnfBofxz01jJLoPkcVQ=
github.com/max-neverov/incompatible-feature v0.0.1 h1:gvR+MaQdR5h4Fdkbf7hLVGTrAC+R50hGMy+YNeIYrBM=
github.com/max-neverov/incompatible-feature v0.0.1/go.mod h1:XKXO6YhPh2T0NwkMNvhYNAYkk7zNsmcgmtveOPf/Dlo=
